
Microsoft Visual Studio Solution File, Format Version 12.00
# Visual Studio Version 17
VisualStudioVersion = 17.4.33110.190
MinimumVisualStudioVersion = 10.0.40219.1
Project("{FAE04EC0-301F-11D3-BF4B-00C04F79EFBC}") = "SimpleTasks", "SimpleTasks\SimpleTasks.csproj", "{3DAEF601-206A-43C7-A1B0-D8A3C724BC7D}"
EndProject
Global
	GlobalSection(SolutionConfigurationPlatforms) = preSolution
		Debug|Any CPU = Debug|Any CPU
		Release|Any CPU = Release|Any CPU
	EndGlobalSection
	GlobalSection(ProjectConfigurationPlatforms) = postSolution
		{3DAEF601-206A-43C7-A1B0-D8A3C724BC7D}.Debug|Any CPU.ActiveCfg = Debug|Any CPU
		{3DAEF601-206A-43C7-A1B0-D8A3C724BC7D}.Debug|Any CPU.Build.0 = Debug|Any CPU
		{3DAEF601-206A-43C7-A1B0-D8A3C724BC7D}.Release|Any CPU.ActiveCfg = Release|Any CPU
		{3DAEF601-206A-43C7-A1B0-D8A3C724BC7D}.Release|Any CPU.Build.0 = Release|Any CPU
	EndGlobalSection
	GlobalSection(SolutionProperties) = preSolution
		HideSolutionNode = FALSE
	EndGlobalSection
	GlobalSection(ExtensibilityGlobals) = postSolution
		SolutionGuid = {9B5F565C-A5BA-4992-82BB-B4346B484FAA}
	EndGlobalSection
EndGlobal
